// !$*UTF8*$!
{
	archiveVersion = 1;
	classes = {
	};
	objectVersion = 56;
	objects = {

/* Begin PBXBuildFile section */
		574D009F2A7E858E004701BA /* AppDelegate.swift in Sources */ = {isa = PBXBuildFile; fileRef = 574D009E2A7E858E004701BA /* AppDelegate.swift */; };
		574D00A12A7E858E004701BA /* SceneDelegate.swift in Sources */ = {isa = PBXBuildFile; fileRef = 574D00A02A7E858E004701BA /* SceneDelegate.swift */; };
		574D00A32A7E858E004701BA /* ViewController.swift in Sources */ = {isa = PBXBuildFile; fileRef = 574D00A22A7E858E004701BA /* ViewController.swift */; };
		574D00A62A7E858E004701BA /* Main.storyboard in Resources */ = {isa = PBXBuildFile; fileRef = 574D00A42A7E858E004701BA /* Main.storyboard */; };
		574D00A82A7E858F004701BA /* Assets.xcassets in Resources */ = {isa = PBXBuildFile; fileRef = 574D00A72A7E858F004701BA /* Assets.xcassets */; };
		574D00AB2A7E858F004701BA /* LaunchScreen.storyboard in Resources */ = {isa = PBXBuildFile; fileRef = 574D00A92A7E858F004701BA /* LaunchScreen.storyboard */; };
		574D00B32A7E85CF004701BA /* CustomItemForCollectionView.swift in Sources */ = {isa = PBXBuildFile; fileRef = 574D00B22A7E85CF004701BA /* CustomItemForCollectionView.swift */; };
		574D00B92A7EBEE8004701BA /* DataModel.swift in Sources */ = {isa = PBXBuildFile; fileRef = 574D00B82A7EBEE8004701BA /* DataModel.swift */; };
		57770C472AB1DBE300303C67 /* StackDataStructure.swift in Sources */ = {isa = PBXBuildFile; fileRef = 57770C462AB1DBE300303C67 /* StackDataStructure.swift */; };
		57770C492AB1DC3900303C67 /* BusinessLogicForCalculation.swift in Sources */ = {isa = PBXBuildFile; fileRef = 57770C482AB1DC3900303C67 /* BusinessLogicForCalculation.swift */; };
/* End PBXBuildFile section */

/* Begin PBXFileReference section */
		574D009B2A7E858E004701BA /* Calculator.app */ = {isa = PBXFileReference; explicitFileType = wrapper.application; includeInIndex = 0; path = Calculator.app; sourceTree = BUILT_PRODUCTS_DIR; };
		574D009E2A7E858E004701BA /* AppDelegate.swift */ = {isa = PBXFileReference; lastKnownFileType = sourcecode.swift; path = AppDelegate.swift; sourceTree = "<group>"; };
		574D00A02A7E858E004701BA /* SceneDelegate.swift */ = {isa = PBXFileReference; lastKnownFileType = sourcecode.swift; path = SceneDelegate.swift; sourceTree = "<group>"; };
		574D00A22A7E858E004701BA /* ViewController.swift */ = {isa = PBXFileReference; lastKnownFileType = sourcecode.swift; path = ViewController.swift; sourceTree = "<group>"; };
		574D00A52A7E858E004701BA /* Base */ = {isa = PBXFileReference; lastKnownFileType = file.storyboard; name = Base; path = Base.lproj/Main.storyboard; sourceTree = "<group>"; };
		574D00A72A7E858F004701BA /* Assets.xcassets */ = {isa = PBXFileReference; lastKnownFileType = folder.assetcatalog; path = Assets.xcassets; sourceTree = "<group>"; };
		574D00AA2A7E858F004701BA /* Base */ = {isa = PBXFileReference; lastKnownFileType = file.storyboard; name = Base; path = Base.lproj/LaunchScreen.storyboard; sourceTree = "<group>"; };
		574D00AC2A7E858F004701BA /* Info.plist */ = {isa = PBXFileReference; lastKnownFileType = text.plist.xml; path = Info.plist; sourceTree = "<group>"; };
		574D00B22A7E85CF004701BA /* CustomItemForCollectionView.swift */ = {isa = PBXFileReference; lastKnownFileType = sourcecode.swift; path = CustomItemForCollectionView.swift; sourceTree = "<group>"; };
		574D00B82A7EBEE8004701BA /* DataModel.swift */ = {isa = PBXFileReference; lastKnownFileType = sourcecode.swift; path = DataModel.swift; sourceTree = "<group>"; };
		57770C462AB1DBE300303C67 /* StackDataStructure.swift */ = {isa = PBXFileReference; lastKnownFileType = sourcecode.swift; path = StackDataStructure.swift; sourceTree = "<group>"; };
		57770C482AB1DC3900303C67 /* BusinessLogicForCalculation.swift */ = {isa = PBXFileReference; lastKnownFileType = sourcecode.swift; path = BusinessLogicForCalculation.swift; sourceTree = "<group>"; };
/* End PBXFileReference section */

/* Begin PBXFrameworksBuildPhase section */
		574D00982A7E858E004701BA /* Frameworks */ = {
			isa = PBXFrameworksBuildPhase;
			buildActionMask = 2147483647;
			files = (
			);
			runOnlyForDeploymentPostprocessing = 0;
		};
/* End PBXFrameworksBuildPhase section */

/* Begin PBXGroup section */
		570E2A542AA0EE4600B3ADD5 /* Model */ = {
			isa = PBXGroup;
			children = (
				574D00B82A7EBEE8004701BA /* DataModel.swift */,
				57770C462AB1DBE300303C67 /* StackDataStructure.swift */,
			);
			path = Model;
			sourceTree = "<group>";
		};
		570E2A552AA0EE5900B3ADD5 /* View */ = {
			isa = PBXGroup;
			children = (
				574D00B22A7E85CF004701BA /* CustomItemForCollectionView.swift */,
			);
			path = View;
			sourceTree = "<group>";
		};
		570E2A562AA0EE6B00B3ADD5 /* Controller */ = {
			isa = PBXGroup;
			children = (
				574D00A22A7E858E004701BA /* ViewController.swift */,
				57770C482AB1DC3900303C67 /* BusinessLogicForCalculation.swift */,
			);
			path = Controller;
			sourceTree = "<group>";
		};
		574D00922A7E858E004701BA = {
			isa = PBXGroup;
			children = (
				574D009D2A7E858E004701BA /* Calculator */,
				574D009C2A7E858E004701BA /* Products */,
			);
			sourceTree = "<group>";
		};
		574D009C2A7E858E004701BA /* Products */ = {
			isa = PBXGroup;
			children = (
				574D009B2A7E858E004701BA /* Calculator.app */,
			);
			name = Products;
			sourceTree = "<group>";
		};
		574D009D2A7E858E004701BA /* Calculator */ = {
			isa = PBXGroup;
			children = (
				570E2A562AA0EE6B00B3ADD5 /* Controller */,
				570E2A542AA0EE4600B3ADD5 /* Model */,
				570E2A552AA0EE5900B3ADD5 /* View */,
				574D009E2A7E858E004701BA /* AppDelegate.swift */,
				574D00A02A7E858E004701BA /* SceneDelegate.swift */,
				574D00A42A7E858E004701BA /* Main.storyboard */,
				574D00A72A7E858F004701BA /* Assets.xcassets */,
				574D00A92A7E858F004701BA /* LaunchScreen.storyboard */,
				574D00AC2A7E858F004701BA /* Info.plist */,
			);
			path = Calculator;
			sourceTree = "<group>";
		};
/* End PBXGroup section */

/* Begin PBXNativeTarget section */
		574D009A2A7E858E004701BA /* Calculator */ = {
			isa = PBXNativeTarget;
			buildConfigurationList = 574D00AF2A7E858F004701BA /* Build configuration list for PBXNativeTarget "Calculator" */;
			buildPhases = (
				574D00972A7E858E004701BA /* Sources */,
				574D00982A7E858E004701BA /* Frameworks */,
				574D00992A7E858E004701BA /* Resources */,
			);
			buildRules = (
			);
			dependencies = (
			);
			name = Calculator;
			productName = Calculator;
			productReference = 574D009B2A7E858E004701BA /* Calculator.app */;
			productType = "com.apple.product-type.application";
		};
/* End PBXNativeTarget section */

/* Begin PBXProject section */
		574D00932A7E858E004701BA /* Project object */ = {
			isa = PBXProject;
			attributes = {
				BuildIndependentTargetsInParallel = 1;
				LastSwiftUpdateCheck = 1430;
				LastUpgradeCheck = 1430;
				TargetAttributes = {
					574D009A2A7E858E004701BA = {
						CreatedOnToolsVersion = 14.3.1;
					};
				};
			};
			buildConfigurationList = 574D00962A7E858E004701BA /* Build configuration list for PBXProject "Calculator" */;
			compatibilityVersion = "Xcode 14.0";
			developmentRegion = en;
			hasScannedForEncodings = 0;
			knownRegions = (
				en,
				Base,
			);
			mainGroup = 574D00922A7E858E004701BA;
			productRefGroup = 574D009C2A7E858E004701BA /* Products */;
			projectDirPath = "";
			projectRoot = "";
			targets = (
				574D009A2A7E858E004701BA /* Calculator */,
			);
		};
/* End PBXProject section */

/* Begin PBXResourcesBuildPhase section */
		574D00992A7E858E004701BA /* Resources */ = {
			isa = PBXResourcesBuildPhase;
			buildActionMask = 2147483647;
			files = (
				574D00AB2A7E858F004701BA /* LaunchScreen.storyboard in Resources */,
				574D00A82A7E858F004701BA /* Assets.xcassets in Resources */,
				574D00A62A7E858E004701BA /* Main.storyboard in Resources */,
			);
			runOnlyForDeploymentPostprocessing = 0;
		};
/* End PBXResourcesBuildPhase section */

/* Begin PBXSourcesBuildPhase section */
		574D00972A7E858E004701BA /* Sources */ = {
			isa = PBXSourcesBuildPhase;
			buildActionMask = 2147483647;
			files = (
				57770C472AB1DBE300303C67 /* StackDataStructure.swift in Sources */,
				574D00B32A7E85CF004701BA /* CustomItemForCollectionView.swift in Sources */,
				574D00A32A7E858E004701BA /* ViewController.swift in Sources */,
				574D00B92A7EBEE8004701BA /* DataModel.swift in Sources */,
				574D009F2A7E858E004701BA /* AppDelegate.swift in Sources */,
				574D00A12A7E858E004701BA /* SceneDelegate.swift in Sources */,
				57770C492AB1DC3900303C67 /* BusinessLogicForCalculation.swift in Sources */,
			);
			runOnlyForDeploymentPostprocessing = 0;
		};
/* End PBXSourcesBuildPhase section */

/* Begin PBXVariantGroup section */
		574D00A42A7E858E004701BA /* Main.storyboard */ = {
			isa = PBXVariantGroup;
			children = (
				574D00A52A7E858E004701BA /* Base */,
			);
			name = Main.storyboard;
			sourceTree = "<group>";
		};
		574D00A92A7E858F004701BA /* LaunchScreen.storyboard */ = {
			isa = PBXVariantGroup;
			children = (
				574D00AA2A7E858F004701BA /* Base */,
			);
			name = LaunchScreen.storyboard;
			sourceTree = "<group>";
		};
/* End PBXVariantGroup section */

/* Begin XCBuildConfiguration section */
		574D00AD2A7E858F004701BA /* Debug */ = {
			isa = XCBuildConfiguration;
			buildSettings = {
				ALWAYS_SEARCH_USER_PATHS = NO;
				CLANG_ANALYZER_NONNULL = YES;
				CLANG_ANALYZER_NUMBER_OBJECT_CONVERSION = YES_AGGRESSIVE;
				CLANG_CXX_LANGUAGE_STANDARD = "gnu++20";
				CLANG_ENABLE_MODULES = YES;
				CLANG_ENABLE_OBJC_ARC = YES;
				CLANG_ENABLE_OBJC_WEAK = YES;
				CLANG_WARN_BLOCK_CAPTURE_AUTORELEASING = YES;
				CLANG_WARN_BOOL_CONVERSION = YES;
				CLANG_WARN_COMMA = YES;
				CLANG_WARN_CONSTANT_CONVERSION = YES;
				CLANG_WARN_DEPRECATED_OBJC_IMPLEMENTATIONS = YES;
				CLANG_WARN_DIRECT_OBJC_ISA_USAGE = YES_ERROR;
				CLANG_WARN_DOCUMENTATION_COMMENTS = YES;
				CLANG_WARN_EMPTY_BODY = YES;
				CLANG_WARN_ENUM_CONVERSION = YES;
				CLANG_WARN_INFINITE_RECURSION = YES;
				CLANG_WARN_INT_CONVERSION = YES;
				CLANG_WARN_NON_LITERAL_NULL_CONVERSION = YES;
				CLANG_WARN_OBJC_IMPLICIT_RETAIN_SELF = YES;
				CLANG_WARN_OBJC_LITERAL_CONVERSION = YES;
				CLANG_WARN_OBJC_ROOT_CLASS = YES_ERROR;
				CLANG_WARN_QUOTED_INCLUDE_IN_FRAMEWORK_HEADER = YES;
				CLANG_WARN_RANGE_LOOP_ANALYSIS = YES;
				CLANG_WARN_STRICT_PROTOTYPES = YES;
				CLANG_WARN_SUSPICIOUS_MOVE = YES;
				CLANG_WARN_UNGUARDED_AVAILABILITY = YES_AGGRESSIVE;
				CLANG_WARN_UNREACHABLE_CODE = YES;
				CLANG_WARN__DUPLICATE_METHOD_MATCH = YES;
				COPY_PHASE_STRIP = NO;
				DEBUG_INFORMATION_FORMAT = dwarf;
				ENABLE_STRICT_OBJC_MSGSEND = YES;
				ENABLE_TESTABILITY = YES;
				GCC_C_LANGUAGE_STANDARD = gnu11;
				GCC_DYNAMIC_NO_PIC = NO;
				GCC_NO_COMMON_BLOCKS = YES;
				GCC_OPTIMIZATION_LEVEL = 0;
				GCC_PREPROCESSOR_DEFINITIONS = (
					"DEBUG=1",
					"$(inherited)",
				);
				GCC_WARN_64_TO_32_BIT_CONVERSION = YES;
				GCC_WARN_ABOUT_RETURN_TYPE = YES_ERROR;
				GCC_WARN_UNDECLARED_SELECTOR = YES;
				GCC_WARN_UNINITIALIZED_AUTOS = YES_AGGRESSIVE;
				GCC_WARN_UNUSED_FUNCTION = YES;
				GCC_WARN_UNUSED_VARIABLE = YES;
				IPHONEOS_DEPLOYMENT_TARGET = 16.4;
				MTL_ENABLE_DEBUG_INFO = INCLUDE_SOURCE;
				MTL_FAST_MATH = YES;
				ONLY_ACTIVE_ARCH = YES;
				SDKROOT = iphoneos;
				SWIFT_ACTIVE_COMPILATION_CONDITIONS = DEBUG;
				SWIFT_OPTIMIZATION_LEVEL = "-Onone";
			};
			name = Debug;
		};
		574D00AE2A7E858F004701BA /* Release */ = {
			isa = XCBuildConfiguration;
			buildSettings = {
				ALWAYS_SEARCH_USER_PATHS = NO;
				CLANG_ANALYZER_NONNULL = YES;
				CLANG_ANALYZER_NUMBER_OBJECT_CONVERSION = YES_AGGRESSIVE;
				CLANG_CXX_LANGUAGE_STANDARD = "gnu++20";
				CLANG_ENABLE_MODULES = YES;
				CLANG_ENABLE_OBJC_ARC = YES;
				CLANG_ENABLE_OBJC_WEAK = YES;
				CLANG_WARN_BLOCK_CAPTURE_AUTORELEASING = YES;
				CLANG_WARN_BOOL_CONVERSION = YES;
				CLANG_WARN_COMMA = YES;
				CLANG_WARN_CONSTANT_CONVERSION = YES;
				CLANG_WARN_DEPRECATED_OBJC_IMPLEMENTATIONS = YES;
				CLANG_WARN_DIRECT_OBJC_ISA_USAGE = YES_ERROR;
				CLANG_WARN_DOCUMENTATION_COMMENTS = YES;
				CLANG_WARN_EMPTY_BODY = YES;
				CLANG_WARN_ENUM_CONVERSION = YES;
				CLANG_WARN_INFINITE_RECURSION = YES;
				CLANG_WARN_INT_CONVERSION = YES;
				CLANG_WARN_NON_LITERAL_NULL_CONVERSION = YES;
				CLANG_WARN_OBJC_IMPLICIT_RETAIN_SELF = YES;
				CLANG_WARN_OBJC_LITERAL_CONVERSION = YES;
				CLANG_WARN_OBJC_ROOT_CLASS = YES_ERROR;
				CLANG_WARN_QUOTED_INCLUDE_IN_FRAMEWORK_HEADER = YES;
				CLANG_WARN_RANGE_LOOP_ANALYSIS = YES;
				CLANG_WARN_STRICT_PROTOTYPES = YES;
				CLANG_WARN_SUSPICIOUS_MOVE = YES;
				CLANG_WARN_UNGUARDED_AVAILABILITY = YES_AGGRESSIVE;
				CLANG_WARN_UNREACHABLE_CODE = YES;
				CLANG_WARN__DUPLICATE_METHOD_MATCH = YES;
				COPY_PHASE_STRIP = NO;
				DEBUG_INFORMATION_FORMAT = "dwarf-with-dsym";
				ENABLE_NS_ASSERTIONS = NO;
				ENABLE_STRICT_OBJC_MSGSEND = YES;
				GCC_C_LANGUAGE_STANDARD = gnu11;
				GCC_NO_COMMON_BLOCKS = YES;
				GCC_WARN_64_TO_32_BIT_CONVERSION = YES;
				GCC_WARN_ABOUT_RETURN_TYPE = YES_ERROR;
				GCC_WARN_UNDECLARED_SELECTOR = YES;
				GCC_WARN_UNINITIALIZED_AUTOS = YES_AGGRESSIVE;
				GCC_WARN_UNUSED_FUNCTION = YES;
				GCC_WARN_UNUSED_VARIABLE = YES;
				IPHONEOS_DEPLOYMENT_TARGET = 16.4;
				MTL_ENABLE_DEBUG_INFO = NO;
				MTL_FAST_MATH = YES;
				SDKROOT = iphoneos;
				SWIFT_COMPILATION_MODE = wholemodule;
				SWIFT_OPTIMIZATION_LEVEL = "-O";
				VALIDATE_PRODUCT = YES;
			};
			name = Release;
		};
		574D00B02A7E858F004701BA /* Debug */ = {
			isa = XCBuildConfiguration;
			buildSettings = {
				ASSETCATALOG_COMPILER_APPICON_NAME = AppIcon;
				ASSETCATALOG_COMPILER_GLOBAL_ACCENT_COLOR_NAME = AccentColor;
				CODE_SIGN_STYLE = Automatic;
				CURRENT_PROJECT_VERSION = 1;
				DEVELOPMENT_TEAM = 2U88LND2HV;
				GENERATE_INFOPLIST_FILE = YES;
				INFOPLIST_FILE = Calculator/Info.plist;
				INFOPLIST_KEY_UIApplicationSupportsIndirectInputEvents = YES;
				INFOPLIST_KEY_UILaunchStoryboardName = LaunchScreen;
				INFOPLIST_KEY_UIMainStoryboardFile = Main;
				INFOPLIST_KEY_UIStatusBarStyle = "";
				INFOPLIST_KEY_UISupportedInterfaceOrientations = "UIInterfaceOrientationLandscapeLeft UIInterfaceOrientationLandscapeRight UIInterfaceOrientationPortrait";
				INFOPLIST_KEY_UISupportedInterfaceOrientations_iPad = "UIInterfaceOrientationLandscapeLeft UIInterfaceOrientationLandscapeRight UIInterfaceOrientationPortrait UIInterfaceOrientationPortraitUpsideDown";
				LD_RUNPATH_SEARCH_PATHS = (
					"$(inherited)",
					"@executable_path/Frameworks",
				);
				MARKETING_VERSION = 1.0;
				PRODUCT_BUNDLE_IDENTIFIER = AshotHovhannisyan.Calculator;
				PRODUCT_NAME = "$(TARGET_NAME)";
				SWIFT_EMIT_LOC_STRINGS = YES;
				SWIFT_VERSION = 5.0;
				TARGETED_DEVICE_FAMILY = "1,2";
			};
			name = Debug;
		};
		574D00B12A7E858F004701BA /* Release */ = {
			isa = XCBuildConfiguration;
			buildSettings = {
				ASSETCATALOG_COMPILER_APPICON_NAME = AppIcon;
				ASSETCATALOG_COMPILER_GLOBAL_ACCENT_COLOR_NAME = AccentColor;
				CODE_SIGN_STYLE = Automatic;
				CURRENT_PROJECT_VERSION = 1;
				DEVELOPMENT_TEAM = 2U88LND2HV;
				GENERATE_INFOPLIST_FILE = YES;
				INFOPLIST_FILE = Calculator/Info.plist;
				INFOPLIST_KEY_UIApplicationSupportsIndirectInputEvents = YES;
				INFOPLIST_KEY_UILaunchStoryboardName = LaunchScreen;
				INFOPLIST_KEY_UIMainStoryboardFile = Main;
				INFOPLIST_KEY_UIStatusBarStyle = "";
				INFOPLIST_KEY_UISupportedInterfaceOrientations = "UIInterfaceOrientationLandscapeLeft UIInterfaceOrientationLandscapeRight UIInterfaceOrientationPortrait";
				INFOPLIST_KEY_UISupportedInterfaceOrientations_iPad = "UIInterfaceOrientationLandscapeLeft UIInterfaceOrientationLandscapeRight UIInterfaceOrientationPortrait UIInterfaceOrientationPortraitUpsideDown";
				LD_RUNPATH_SEARCH_PATHS = (
					"$(inherited)",
					"@executable_path/Frameworks",
				);
				MARKETING_VERSION = 1.0;
				PRODUCT_BUNDLE_IDENTIFIER = AshotHovhannisyan.Calculator;
				PRODUCT_NAME = "$(TARGET_NAME)";
				SWIFT_EMIT_LOC_STRINGS = YES;
				SWIFT_VERSION = 5.0;
				TARGETED_DEVICE_FAMILY = "1,2";
			};
			name = Release;
		};
/* End XCBuildConfiguration section */

/* Begin XCConfigurationList section */
		574D00962A7E858E004701BA /* Build configuration list for PBXProject "Calculator" */ = {
			isa = XCConfigurationList;
			buildConfigurations = (
				574D00AD2A7E858F004701BA /* Debug */,
				574D00AE2A7E858F004701BA /* Release */,
			);
			defaultConfigurationIsVisible = 0;
			defaultConfigurationName = Release;
		};
		574D00AF2A7E858F004701BA /* Build configuration list for PBXNativeTarget "Calculator" */ = {
			isa = XCConfigurationList;
			buildConfigurations = (
				574D00B02A7E858F004701BA /* Debug */,
				574D00B12A7E858F004701BA /* Release */,
			);
			defaultConfigurationIsVisible = 0;
			defaultConfigurationName = Release;
		};
/* End XCConfigurationList section */
	};
	rootObject = 574D00932A7E858E004701BA /* Project object */;
}
